
Microsoft Visual Studio Solution File, Format Version 12.00
# Visual Studio Version 16
VisualStudioVersion = 16.0.29806.167
MinimumVisualStudioVersion = 10.0.40219.1
Project("{2150E333-8FDC-42A3-9474-1A3956D46DE8}") = "NetCore.Application", "NetCore.Application", "{B1E70411-92DB-41E4-A426-44BB5BBD4786}"
EndProject
Project("{2150E333-8FDC-42A3-9474-1A3956D46DE8}") = "NetCore.Domain", "NetCore.Domain", "{16458037-E09F-4CA7-970D-112D6A39FA98}"
EndProject
Project("{2150E333-8FDC-42A3-9474-1A3956D46DE8}") = "NetCore.Infra.Data", "NetCore.Infra.Data", "{C6822B02-363A-49EA-86B5-DBC10DA3732A}"
EndProject
Project("{2150E333-8FDC-42A3-9474-1A3956D46DE8}") = "NetCore.Infra.IoC", "NetCore.Infra.IoC", "{43D5984A-F05A-4E2A-96A8-35CEE9F022FB}"
EndProject
Project("{2150E333-8FDC-42A3-9474-1A3956D46DE8}") = "NetCore.UI.Mvc", "NetCore.UI.Mvc", "{D4B837CA-EECF-4F89-A649-72A677BB0EA9}"
EndProject
Global
	GlobalSection(SolutionProperties) = preSolution
		HideSolutionNode = FALSE
	EndGlobalSection
	GlobalSection(ExtensibilityGlobals) = postSolution
		SolutionGuid = {7446EE1D-A8AE-40D0-9EED-012BAA6F46A4}
	EndGlobalSection
EndGlobal
